
Microsoft Visual Studio Solution File, Format Version 12.00
# Visual Studio Version 17
VisualStudioVersion = 17.7.34031.279
MinimumVisualStudioVersion = 10.0.40219.1
Project("{8BC9CEB8-8B4A-11D0-8D11-00A0C91BC942}") = "Сервер2", "Сервер2.vcxproj", "{28CAE3E8-BA0B-4B3C-9293-8A40B6E2E324}"
EndProject
Global
	GlobalSection(SolutionConfigurationPlatforms) = preSolution
		Debug|x64 = Debug|x64
		Debug|x86 = Debug|x86
		Release|x64 = Release|x64
		Release|x86 = Release|x86
	EndGlobalSection
	GlobalSection(ProjectConfigurationPlatforms) = postSolution
		{28CAE3E8-BA0B-4B3C-9293-8A40B6E2E324}.Debug|x64.ActiveCfg = Debug|x64
		{28CAE3E8-BA0B-4B3C-9293-8A40B6E2E324}.Debug|x64.Build.0 = Debug|x64
		{28CAE3E8-BA0B-4B3C-9293-8A40B6E2E324}.Debug|x86.ActiveCfg = Debug|Win32
		{28CAE3E8-BA0B-4B3C-9293-8A40B6E2E324}.Debug|x86.Build.0 = Debug|Win32
		{28CAE3E8-BA0B-4B3C-9293-8A40B6E2E324}.Release|x64.ActiveCfg = Release|x64
		{28CAE3E8-BA0B-4B3C-9293-8A40B6E2E324}.Release|x64.Build.0 = Release|x64
		{28CAE3E8-BA0B-4B3C-9293-8A40B6E2E324}.Release|x86.ActiveCfg = Release|Win32
		{28CAE3E8-BA0B-4B3C-9293-8A40B6E2E324}.Release|x86.Build.0 = Release|Win32
	EndGlobalSection
	GlobalSection(SolutionProperties) = preSolution
		HideSolutionNode = FALSE
	EndGlobalSection
	GlobalSection(ExtensibilityGlobals) = postSolution
		SolutionGuid = {76421E15-F2FC-42F7-97A5-5B7B3D7AA528}
	EndGlobalSection
EndGlobal
